// !$*UTF8*$!
{
	archiveVersion = 1;
	classes = {
	};
	objectVersion = 50;
	objects = {

/* Begin PBXBuildFile section */
		F73139E522F3B5AF0014FF99 /* AppDelegate.swift in Sources */ = {isa = PBXBuildFile; fileRef = F73139E422F3B5AF0014FF99 /* AppDelegate.swift */; };
		F73139E722F3B5AF0014FF99 /* ViewController.swift in Sources */ = {isa = PBXBuildFile; fileRef = F73139E622F3B5AF0014FF99 /* ViewController.swift */; };
		F73139EA22F3B5AF0014FF99 /* Main.storyboard in Resources */ = {isa = PBXBuildFile; fileRef = F73139E822F3B5AF0014FF99 /* Main.storyboard */; };
		F73139EC22F3B5B10014FF99 /* Assets.xcassets in Resources */ = {isa = PBXBuildFile; fileRef = F73139EB22F3B5B10014FF99 /* Assets.xcassets */; };
		F73139EF22F3B5B10014FF99 /* LaunchScreen.storyboard in Resources */ = {isa = PBXBuildFile; fileRef = F73139ED22F3B5B10014FF99 /* LaunchScreen.storyboard */; };
		F73139FA22F3B5B10014FF99 /* CochlearCodingChallengeTests.swift in Sources */ = {isa = PBXBuildFile; fileRef = F73139F922F3B5B10014FF99 /* CochlearCodingChallengeTests.swift */; };
/* End PBXBuildFile section */

/* Begin PBXContainerItemProxy section */
		F73139F622F3B5B10014FF99 /* PBXContainerItemProxy */ = {
			isa = PBXContainerItemProxy;
			containerPortal = F73139D922F3B5AF0014FF99 /* Project object */;
			proxyType = 1;
			remoteGlobalIDString = F73139E022F3B5AF0014FF99;
			remoteInfo = CochlearCodingChallenge;
		};
/* End PBXContainerItemProxy section */

/* Begin PBXFileReference section */
		F73139E122F3B5AF0014FF99 /* CochlearCodingChallenge.app */ = {isa = PBXFileReference; explicitFileType = wrapper.application; includeInIndex = 0; path = CochlearCodingChallenge.app; sourceTree = BUILT_PRODUCTS_DIR; };
		F73139E422F3B5AF0014FF99 /* AppDelegate.swift */ = {isa = PBXFileReference; lastKnownFileType = sourcecode.swift; path = AppDelegate.swift; sourceTree = "<group>"; };
		F73139E622F3B5AF0014FF99 /* ViewController.swift */ = {isa = PBXFileReference; lastKnownFileType = sourcecode.swift; path = ViewController.swift; sourceTree = "<group>"; };
		F73139E922F3B5AF0014FF99 /* Base */ = {isa = PBXFileReference; lastKnownFileType = file.storyboard; name = Base; path = Base.lproj/Main.storyboard; sourceTree = "<group>"; };
		F73139EB22F3B5B10014FF99 /* Assets.xcassets */ = {isa = PBXFileReference; lastKnownFileType = folder.assetcatalog; path = Assets.xcassets; sourceTree = "<group>"; };
		F73139EE22F3B5B10014FF99 /* Base */ = {isa = PBXFileReference; lastKnownFileType = file.storyboard; name = Base; path = Base.lproj/LaunchScreen.storyboard; sourceTree = "<group>"; };
		F73139F022F3B5B10014FF99 /* Info.plist */ = {isa = PBXFileReference; lastKnownFileType = text.plist.xml; path = Info.plist; sourceTree = "<group>"; };
		F73139F522F3B5B10014FF99 /* CochlearCodingChallengeTests.xctest */ = {isa = PBXFileReference; explicitFileType = wrapper.cfbundle; includeInIndex = 0; path = CochlearCodingChallengeTests.xctest; sourceTree = BUILT_PRODUCTS_DIR; };
		F73139F922F3B5B10014FF99 /* CochlearCodingChallengeTests.swift */ = {isa = PBXFileReference; lastKnownFileType = sourcecode.swift; path = CochlearCodingChallengeTests.swift; sourceTree = "<group>"; };
		F73139FB22F3B5B10014FF99 /* Info.plist */ = {isa = PBXFileReference; lastKnownFileType = text.plist.xml; path = Info.plist; sourceTree = "<group>"; };
/* End PBXFileReference section */

/* Begin PBXFrameworksBuildPhase section */
		F73139DE22F3B5AF0014FF99 /* Frameworks */ = {
			isa = PBXFrameworksBuildPhase;
			buildActionMask = 2147483647;
			files = (
			);
			runOnlyForDeploymentPostprocessing = 0;
		};
		F73139F222F3B5B10014FF99 /* Frameworks */ = {
			isa = PBXFrameworksBuildPhase;
			buildActionMask = 2147483647;
			files = (
			);
			runOnlyForDeploymentPostprocessing = 0;
		};
/* End PBXFrameworksBuildPhase section */

/* Begin PBXGroup section */
		F73139D822F3B5AF0014FF99 = {
			isa = PBXGroup;
			children = (
				F73139E322F3B5AF0014FF99 /* CochlearCodingChallenge */,
				F73139F822F3B5B10014FF99 /* CochlearCodingChallengeTests */,
				F73139E222F3B5AF0014FF99 /* Products */,
			);
			sourceTree = "<group>";
		};
		F73139E222F3B5AF0014FF99 /* Products */ = {
			isa = PBXGroup;
			children = (
				F73139E122F3B5AF0014FF99 /* CochlearCodingChallenge.app */,
				F73139F522F3B5B10014FF99 /* CochlearCodingChallengeTests.xctest */,
			);
			name = Products;
			sourceTree = "<group>";
		};
		F73139E322F3B5AF0014FF99 /* CochlearCodingChallenge */ = {
			isa = PBXGroup;
			children = (
				F73139E422F3B5AF0014FF99 /* AppDelegate.swift */,
				F73139E622F3B5AF0014FF99 /* ViewController.swift */,
				F73139E822F3B5AF0014FF99 /* Main.storyboard */,
				F73139EB22F3B5B10014FF99 /* Assets.xcassets */,
				F73139ED22F3B5B10014FF99 /* LaunchScreen.storyboard */,
				F73139F022F3B5B10014FF99 /* Info.plist */,
			);
			path = CochlearCodingChallenge;
			sourceTree = "<group>";
		};
		F73139F822F3B5B10014FF99 /* CochlearCodingChallengeTests */ = {
			isa = PBXGroup;
			children = (
				F73139F922F3B5B10014FF99 /* CochlearCodingChallengeTests.swift */,
				F73139FB22F3B5B10014FF99 /* Info.plist */,
			);
			path = CochlearCodingChallengeTests;
			sourceTree = "<group>";
		};
/* End PBXGroup section */

/* Begin PBXNativeTarget section */
		F73139E022F3B5AF0014FF99 /* CochlearCodingChallenge */ = {
			isa = PBXNativeTarget;
			buildConfigurationList = F73139FE22F3B5B10014FF99 /* Build configuration list for PBXNativeTarget "CochlearCodingChallenge" */;
			buildPhases = (
				F73139DD22F3B5AF0014FF99 /* Sources */,
				F73139DE22F3B5AF0014FF99 /* Frameworks */,
				F73139DF22F3B5AF0014FF99 /* Resources */,
			);
			buildRules = (
			);
			dependencies = (
			);
			name = CochlearCodingChallenge;
			productName = CochlearCodingChallenge;
			productReference = F73139E122F3B5AF0014FF99 /* CochlearCodingChallenge.app */;
			productType = "com.apple.product-type.application";
		};
		F73139F422F3B5B10014FF99 /* CochlearCodingChallengeTests */ = {
			isa = PBXNativeTarget;
			buildConfigurationList = F7313A0122F3B5B10014FF99 /* Build configuration list for PBXNativeTarget "CochlearCodingChallengeTests" */;
			buildPhases = (
				F73139F122F3B5B10014FF99 /* Sources */,
				F73139F222F3B5B10014FF99 /* Frameworks */,
				F73139F322F3B5B10014FF99 /* Resources */,
			);
			buildRules = (
			);
			dependencies = (
				F73139F722F3B5B10014FF99 /* PBXTargetDependency */,
			);
			name = CochlearCodingChallengeTests;
			productName = CochlearCodingChallengeTests;
			productReference = F73139F522F3B5B10014FF99 /* CochlearCodingChallengeTests.xctest */;
			productType = "com.apple.product-type.bundle.unit-test";
		};
/* End PBXNativeTarget section */

/* Begin PBXProject section */
		F73139D922F3B5AF0014FF99 /* Project object */ = {
			isa = PBXProject;
			attributes = {
				LastSwiftUpdateCheck = 1030;
				LastUpgradeCheck = 1030;
				ORGANIZATIONNAME = "An Xu";
				TargetAttributes = {
					F73139E022F3B5AF0014FF99 = {
						CreatedOnToolsVersion = 10.3;
					};
					F73139F422F3B5B10014FF99 = {
						CreatedOnToolsVersion = 10.3;
						TestTargetID = F73139E022F3B5AF0014FF99;
					};
				};
			};
			buildConfigurationList = F73139DC22F3B5AF0014FF99 /* Build configuration list for PBXProject "CochlearCodingChallenge" */;
			compatibilityVersion = "Xcode 9.3";
			developmentRegion = en;
			hasScannedForEncodings = 0;
			knownRegions = (
				en,
				Base,
			);
			mainGroup = F73139D822F3B5AF0014FF99;
			productRefGroup = F73139E222F3B5AF0014FF99 /* Products */;
			projectDirPath = "";
			projectRoot = "";
			targets = (
				F73139E022F3B5AF0014FF99 /* CochlearCodingChallenge */,
				F73139F422F3B5B10014FF99 /* CochlearCodingChallengeTests */,
			);
		};
/* End PBXProject section */

/* Begin PBXResourcesBuildPhase section */
		F73139DF22F3B5AF0014FF99 /* Resources */ = {
			isa = PBXResourcesBuildPhase;
			buildActionMask = 2147483647;
			files = (
				F73139EF22F3B5B10014FF99 /* LaunchScreen.storyboard in Resources */,
				F73139EC22F3B5B10014FF99 /* Assets.xcassets in Resources */,
				F73139EA22F3B5AF0014FF99 /* Main.storyboard in Resources */,
			);
			runOnlyForDeploymentPostprocessing = 0;
		};
		F73139F322F3B5B10014FF99 /* Resources */ = {
			isa = PBXResourcesBuildPhase;
			buildActionMask = 2147483647;
			files = (
			);
			runOnlyForDeploymentPostprocessing = 0;
		};
/* End PBXResourcesBuildPhase section */

/* Begin PBXSourcesBuildPhase section */
		F73139DD22F3B5AF0014FF99 /* Sources */ = {
			isa = PBXSourcesBuildPhase;
			buildActionMask = 2147483647;
			files = (
				F73139E722F3B5AF0014FF99 /* ViewController.swift in Sources */,
				F73139E522F3B5AF0014FF99 /* AppDelegate.swift in Sources */,
			);
			runOnlyForDeploymentPostprocessing = 0;
		};
		F73139F122F3B5B10014FF99 /* Sources */ = {
			isa = PBXSourcesBuildPhase;
			buildActionMask = 2147483647;
			files = (
				F73139FA22F3B5B10014FF99 /* CochlearCodingChallengeTests.swift in Sources */,
			);
			runOnlyForDeploymentPostprocessing = 0;
		};
/* End PBXSourcesBuildPhase section */

/* Begin PBXTargetDependency section */
		F73139F722F3B5B10014FF99 /* PBXTargetDependency */ = {
			isa = PBXTargetDependency;
			target = F73139E022F3B5AF0014FF99 /* CochlearCodingChallenge */;
			targetProxy = F73139F622F3B5B10014FF99 /* PBXContainerItemProxy */;
		};
/* End PBXTargetDependency section */

/* Begin PBXVariantGroup section */
		F73139E822F3B5AF0014FF99 /* Main.storyboard */ = {
			isa = PBXVariantGroup;
			children = (
				F73139E922F3B5AF0014FF99 /* Base */,
			);
			name = Main.storyboard;
			sourceTree = "<group>";
		};
		F73139ED22F3B5B10014FF99 /* LaunchScreen.storyboard */ = {
			isa = PBXVariantGroup;
			children = (
				F73139EE22F3B5B10014FF99 /* Base */,
			);
			name = LaunchScreen.storyboard;
			sourceTree = "<group>";
		};
/* End PBXVariantGroup section */

/* Begin XCBuildConfiguration section */
		F73139FC22F3B5B10014FF99 /* Debug */ = {
			isa = XCBuildConfiguration;
			buildSettings = {
				ALWAYS_SEARCH_USER_PATHS = NO;
				CLANG_ANALYZER_NONNULL = YES;
				CLANG_ANALYZER_NUMBER_OBJECT_CONVERSION = YES_AGGRESSIVE;
				CLANG_CXX_LANGUAGE_STANDARD = "gnu++14";
				CLANG_CXX_LIBRARY = "libc++";
				CLANG_ENABLE_MODULES = YES;
				CLANG_ENABLE_OBJC_ARC = YES;
				CLANG_ENABLE_OBJC_WEAK = YES;
				CLANG_WARN_BLOCK_CAPTURE_AUTORELEASING = YES;
				CLANG_WARN_BOOL_CONVERSION = YES;
				CLANG_WARN_COMMA = YES;
				CLANG_WARN_CONSTANT_CONVERSION = YES;
				CLANG_WARN_DEPRECATED_OBJC_IMPLEMENTATIONS = YES;
				CLANG_WARN_DIRECT_OBJC_ISA_USAGE = YES_ERROR;
				CLANG_WARN_DOCUMENTATION_COMMENTS = YES;
				CLANG_WARN_EMPTY_BODY = YES;
				CLANG_WARN_ENUM_CONVERSION = YES;
				CLANG_WARN_INFINITE_RECURSION = YES;
				CLANG_WARN_INT_CONVERSION = YES;
				CLANG_WARN_NON_LITERAL_NULL_CONVERSION = YES;
				CLANG_WARN_OBJC_IMPLICIT_RETAIN_SELF = YES;
				CLANG_WARN_OBJC_LITERAL_CONVERSION = YES;
				CLANG_WARN_OBJC_ROOT_CLASS = YES_ERROR;
				CLANG_WARN_RANGE_LOOP_ANALYSIS = YES;
				CLANG_WARN_STRICT_PROTOTYPES = YES;
				CLANG_WARN_SUSPICIOUS_MOVE = YES;
				CLANG_WARN_UNGUARDED_AVAILABILITY = YES_AGGRESSIVE;
				CLANG_WARN_UNREACHABLE_CODE = YES;
				CLANG_WARN__DUPLICATE_METHOD_MATCH = YES;
				CODE_SIGN_IDENTITY = "iPhone Developer";
				COPY_PHASE_STRIP = NO;
				DEBUG_INFORMATION_FORMAT = dwarf;
				ENABLE_STRICT_OBJC_MSGSEND = YES;
				ENABLE_TESTABILITY = YES;
				GCC_C_LANGUAGE_STANDARD = gnu11;
				GCC_DYNAMIC_NO_PIC = NO;
				GCC_NO_COMMON_BLOCKS = YES;
				GCC_OPTIMIZATION_LEVEL = 0;
				GCC_PREPROCESSOR_DEFINITIONS = (
					"DEBUG=1",
					"$(inherited)",
				);
				GCC_WARN_64_TO_32_BIT_CONVERSION = YES;
				GCC_WARN_ABOUT_RETURN_TYPE = YES_ERROR;
				GCC_WARN_UNDECLARED_SELECTOR = YES;
				GCC_WARN_UNINITIALIZED_AUTOS = YES_AGGRESSIVE;
				GCC_WARN_UNUSED_FUNCTION = YES;
				GCC_WARN_UNUSED_VARIABLE = YES;
				IPHONEOS_DEPLOYMENT_TARGET = 12.4;
				MTL_ENABLE_DEBUG_INFO = INCLUDE_SOURCE;
				MTL_FAST_MATH = YES;
				ONLY_ACTIVE_ARCH = YES;
				SDKROOT = iphoneos;
				SWIFT_ACTIVE_COMPILATION_CONDITIONS = DEBUG;
				SWIFT_OPTIMIZATION_LEVEL = "-Onone";
			};
			name = Debug;
		};
		F73139FD22F3B5B10014FF99 /* Release */ = {
			isa = XCBuildConfiguration;
			buildSettings = {
				ALWAYS_SEARCH_USER_PATHS = NO;
				CLANG_ANALYZER_NONNULL = YES;
				CLANG_ANALYZER_NUMBER_OBJECT_CONVERSION = YES_AGGRESSIVE;
				CLANG_CXX_LANGUAGE_STANDARD = "gnu++14";
				CLANG_CXX_LIBRARY = "libc++";
				CLANG_ENABLE_MODULES = YES;
				CLANG_ENABLE_OBJC_ARC = YES;
				CLANG_ENABLE_OBJC_WEAK = YES;
				CLANG_WARN_BLOCK_CAPTURE_AUTORELEASING = YES;
				CLANG_WARN_BOOL_CONVERSION = YES;
				CLANG_WARN_COMMA = YES;
				CLANG_WARN_CONSTANT_CONVERSION = YES;
				CLANG_WARN_DEPRECATED_OBJC_IMPLEMENTATIONS = YES;
				CLANG_WARN_DIRECT_OBJC_ISA_USAGE = YES_ERROR;
				CLANG_WARN_DOCUMENTATION_COMMENTS = YES;
				CLANG_WARN_EMPTY_BODY = YES;
				CLANG_WARN_ENUM_CONVERSION = YES;
				CLANG_WARN_INFINITE_RECURSION = YES;
				CLANG_WARN_INT_CONVERSION = YES;
				CLANG_WARN_NON_LITERAL_NULL_CONVERSION = YES;
				CLANG_WARN_OBJC_IMPLICIT_RETAIN_SELF = YES;
				CLANG_WARN_OBJC_LITERAL_CONVERSION = YES;
				CLANG_WARN_OBJC_ROOT_CLASS = YES_ERROR;
				CLANG_WARN_RANGE_LOOP_ANALYSIS = YES;
				CLANG_WARN_STRICT_PROTOTYPES = YES;
				CLANG_WARN_SUSPICIOUS_MOVE = YES;
				CLANG_WARN_UNGUARDED_AVAILABILITY = YES_AGGRESSIVE;
				CLANG_WARN_UNREACHABLE_CODE = YES;
				CLANG_WARN__DUPLICATE_METHOD_MATCH = YES;
				CODE_SIGN_IDENTITY = "iPhone Developer";
				COPY_PHASE_STRIP = NO;
				DEBUG_INFORMATION_FORMAT = "dwarf-with-dsym";
				ENABLE_NS_ASSERTIONS = NO;
				ENABLE_STRICT_OBJC_MSGSEND = YES;
				GCC_C_LANGUAGE_STANDARD = gnu11;
				GCC_NO_COMMON_BLOCKS = YES;
				GCC_WARN_64_TO_32_BIT_CONVERSION = YES;
				GCC_WARN_ABOUT_RETURN_TYPE = YES_ERROR;
				GCC_WARN_UNDECLARED_SELECTOR = YES;
				GCC_WARN_UNINITIALIZED_AUTOS = YES_AGGRESSIVE;
				GCC_WARN_UNUSED_FUNCTION = YES;
				GCC_WARN_UNUSED_VARIABLE = YES;
				IPHONEOS_DEPLOYMENT_TARGET = 12.4;
				MTL_ENABLE_DEBUG_INFO = NO;
				MTL_FAST_MATH = YES;
				SDKROOT = iphoneos;
				SWIFT_COMPILATION_MODE = wholemodule;
				SWIFT_OPTIMIZATION_LEVEL = "-O";
				VALIDATE_PRODUCT = YES;
			};
			name = Release;
		};
		F73139FF22F3B5B10014FF99 /* Debug */ = {
			isa = XCBuildConfiguration;
			buildSettings = {
				ASSETCATALOG_COMPILER_APPICON_NAME = AppIcon;
				CODE_SIGN_STYLE = Automatic;
				INFOPLIST_FILE = CochlearCodingChallenge/Info.plist;
				LD_RUNPATH_SEARCH_PATHS = (
					"$(inherited)",
					"@executable_path/Frameworks",
				);
				PRODUCT_BUNDLE_IDENTIFIER = sam.xu.CochlearCodingChallenge;
				PRODUCT_NAME = "$(TARGET_NAME)";
				SWIFT_VERSION = 5.0;
				TARGETED_DEVICE_FAMILY = "1,2";
			};
			name = Debug;
		};
		F7313A0022F3B5B10014FF99 /* Release */ = {
			isa = XCBuildConfiguration;
			buildSettings = {
				ASSETCATALOG_COMPILER_APPICON_NAME = AppIcon;
				CODE_SIGN_STYLE = Automatic;
				INFOPLIST_FILE = CochlearCodingChallenge/Info.plist;
				LD_RUNPATH_SEARCH_PATHS = (
					"$(inherited)",
					"@executable_path/Frameworks",
				);
				PRODUCT_BUNDLE_IDENTIFIER = sam.xu.CochlearCodingChallenge;
				PRODUCT_NAME = "$(TARGET_NAME)";
				SWIFT_VERSION = 5.0;
				TARGETED_DEVICE_FAMILY = "1,2";
			};
			name = Release;
		};
		F7313A0222F3B5B10014FF99 /* Debug */ = {
			isa = XCBuildConfiguration;
			buildSettings = {
				ALWAYS_EMBED_SWIFT_STANDARD_LIBRARIES = YES;
				BUNDLE_LOADER = "$(TEST_HOST)";
				CODE_SIGN_STYLE = Automatic;
				INFOPLIST_FILE = CochlearCodingChallengeTests/Info.plist;
				LD_RUNPATH_SEARCH_PATHS = (
					"$(inherited)",
					"@executable_path/Frameworks",
					"@loader_path/Frameworks",
				);
				PRODUCT_BUNDLE_IDENTIFIER = sam.xu.CochlearCodingChallengeTests;
				PRODUCT_NAME = "$(TARGET_NAME)";
				SWIFT_VERSION = 5.0;
				TARGETED_DEVICE_FAMILY = "1,2";
				TEST_HOST = "$(BUILT_PRODUCTS_DIR)/CochlearCodingChallenge.app/CochlearCodingChallenge";
			};
			name = Debug;
		};
		F7313A0322F3B5B10014FF99 /* Release */ = {
			isa = XCBuildConfiguration;
			buildSettings = {
				ALWAYS_EMBED_SWIFT_STANDARD_LIBRARIES = YES;
				BUNDLE_LOADER = "$(TEST_HOST)";
				CODE_SIGN_STYLE = Automatic;
				INFOPLIST_FILE = CochlearCodingChallengeTests/Info.plist;
				LD_RUNPATH_SEARCH_PATHS = (
					"$(inherited)",
					"@executable_path/Frameworks",
					"@loader_path/Frameworks",
				);
				PRODUCT_BUNDLE_IDENTIFIER = sam.xu.CochlearCodingChallengeTests;
				PRODUCT_NAME = "$(TARGET_NAME)";
				SWIFT_VERSION = 5.0;
				TARGETED_DEVICE_FAMILY = "1,2";
				TEST_HOST = "$(BUILT_PRODUCTS_DIR)/CochlearCodingChallenge.app/CochlearCodingChallenge";
			};
			name = Release;
		};
/* End XCBuildConfiguration section */

/* Begin XCConfigurationList section */
		F73139DC22F3B5AF0014FF99 /* Build configuration list for PBXProject "CochlearCodingChallenge" */ = {
			isa = XCConfigurationList;
			buildConfigurations = (
				F73139FC22F3B5B10014FF99 /* Debug */,
				F73139FD22F3B5B10014FF99 /* Release */,
			);
			defaultConfigurationIsVisible = 0;
			defaultConfigurationName = Release;
		};
		F73139FE22F3B5B10014FF99 /* Build configuration list for PBXNativeTarget "CochlearCodingChallenge" */ = {
			isa = XCConfigurationList;
			buildConfigurations = (
				F73139FF22F3B5B10014FF99 /* Debug */,
				F7313A0022F3B5B10014FF99 /* Release */,
			);
			defaultConfigurationIsVisible = 0;
			defaultConfigurationName = Release;
		};
		F7313A0122F3B5B10014FF99 /* Build configuration list for PBXNativeTarget "CochlearCodingChallengeTests" */ = {
			isa = XCConfigurationList;
			buildConfigurations = (
				F7313A0222F3B5B10014FF99 /* Debug */,
				F7313A0322F3B5B10014FF99 /* Release */,
			);
			defaultConfigurationIsVisible = 0;
			defaultConfigurationName = Release;
		};
/* End XCConfigurationList section */
	};
	rootObject = F73139D922F3B5AF0014FF99 /* Project object */;
}
